
Microsoft Visual Studio Solution File, Format Version 12.00
# Visual Studio Version 16
VisualStudioVersion = 16.0.31515.178
MinimumVisualStudioVersion = 10.0.40219.1
Project("{9A19103F-16F7-4668-BE54-9A1E7A4F7556}") = "SafeCon", "SafeCon.csproj", "{4066A343-84DE-4457-A1D4-4732746E0D63}"
EndProject
Global
	GlobalSection(SolutionConfigurationPlatforms) = preSolution
		Debug|Any CPU = Debug|Any CPU
		Release|Any CPU = Release|Any CPU
	EndGlobalSection
	GlobalSection(ProjectConfigurationPlatforms) = postSolution
		{4066A343-84DE-4457-A1D4-4732746E0D63}.Debug|Any CPU.ActiveCfg = Debug|Any CPU
		{4066A343-84DE-4457-A1D4-4732746E0D63}.Debug|Any CPU.Build.0 = Debug|Any CPU
		{4066A343-84DE-4457-A1D4-4732746E0D63}.Release|Any CPU.ActiveCfg = Release|Any CPU
		{4066A343-84DE-4457-A1D4-4732746E0D63}.Release|Any CPU.Build.0 = Release|Any CPU
	EndGlobalSection
	GlobalSection(SolutionProperties) = preSolution
		HideSolutionNode = FALSE
	EndGlobalSection
	GlobalSection(ExtensibilityGlobals) = postSolution
		SolutionGuid = {1FB6758F-061C-485D-9F86-1D05C49FA6EA}
	EndGlobalSection
EndGlobal
